// !$*UTF8*$!
{
	archiveVersion = 1;
	classes = {
	};
	objectVersion = 55;
	objects = {

/* Begin PBXBuildFile section */
		2B53862B27E2EDB6001CE941 /* AppDelegate.swift in Sources */ = {isa = PBXBuildFile; fileRef = 2B53862A27E2EDB6001CE941 /* AppDelegate.swift */; };
		2B53862D27E2EDB6001CE941 /* SceneDelegate.swift in Sources */ = {isa = PBXBuildFile; fileRef = 2B53862C27E2EDB6001CE941 /* SceneDelegate.swift */; };
		2B53862F27E2EDB6001CE941 /* EnterInput.swift in Sources */ = {isa = PBXBuildFile; fileRef = 2B53862E27E2EDB6001CE941 /* EnterInput.swift */; };
		2B53863227E2EDB6001CE941 /* Main.storyboard in Resources */ = {isa = PBXBuildFile; fileRef = 2B53863027E2EDB6001CE941 /* Main.storyboard */; };
		2B53863527E2EDB6001CE941 /* protocolandDelegate.xcdatamodeld in Sources */ = {isa = PBXBuildFile; fileRef = 2B53863327E2EDB6001CE941 /* protocolandDelegate.xcdatamodeld */; };
		2B53863727E2EDB9001CE941 /* Assets.xcassets in Resources */ = {isa = PBXBuildFile; fileRef = 2B53863627E2EDB9001CE941 /* Assets.xcassets */; };
		2B53863A27E2EDB9001CE941 /* LaunchScreen.storyboard in Resources */ = {isa = PBXBuildFile; fileRef = 2B53863827E2EDB9001CE941 /* LaunchScreen.storyboard */; };
		2B53864227E2F035001CE941 /* DisplayInputController.swift in Sources */ = {isa = PBXBuildFile; fileRef = 2B53864127E2F035001CE941 /* DisplayInputController.swift */; };
/* End PBXBuildFile section */

/* Begin PBXFileReference section */
		2B53862727E2EDB6001CE941 /* protocolandDelegate.app */ = {isa = PBXFileReference; explicitFileType = wrapper.application; includeInIndex = 0; path = protocolandDelegate.app; sourceTree = BUILT_PRODUCTS_DIR; };
		2B53862A27E2EDB6001CE941 /* AppDelegate.swift */ = {isa = PBXFileReference; lastKnownFileType = sourcecode.swift; path = AppDelegate.swift; sourceTree = "<group>"; };
		2B53862C27E2EDB6001CE941 /* SceneDelegate.swift */ = {isa = PBXFileReference; lastKnownFileType = sourcecode.swift; path = SceneDelegate.swift; sourceTree = "<group>"; };
		2B53862E27E2EDB6001CE941 /* EnterInput.swift */ = {isa = PBXFileReference; lastKnownFileType = sourcecode.swift; path = EnterInput.swift; sourceTree = "<group>"; };
		2B53863127E2EDB6001CE941 /* Base */ = {isa = PBXFileReference; lastKnownFileType = file.storyboard; name = Base; path = Base.lproj/Main.storyboard; sourceTree = "<group>"; };
		2B53863427E2EDB6001CE941 /* protocolandDelegate.xcdatamodel */ = {isa = PBXFileReference; lastKnownFileType = wrapper.xcdatamodel; path = protocolandDelegate.xcdatamodel; sourceTree = "<group>"; };
		2B53863627E2EDB9001CE941 /* Assets.xcassets */ = {isa = PBXFileReference; lastKnownFileType = folder.assetcatalog; path = Assets.xcassets; sourceTree = "<group>"; };
		2B53863927E2EDB9001CE941 /* Base */ = {isa = PBXFileReference; lastKnownFileType = file.storyboard; name = Base; path = Base.lproj/LaunchScreen.storyboard; sourceTree = "<group>"; };
		2B53863B27E2EDB9001CE941 /* Info.plist */ = {isa = PBXFileReference; lastKnownFileType = text.plist.xml; path = Info.plist; sourceTree = "<group>"; };
		2B53864127E2F035001CE941 /* DisplayInputController.swift */ = {isa = PBXFileReference; lastKnownFileType = sourcecode.swift; path = DisplayInputController.swift; sourceTree = "<group>"; };
/* End PBXFileReference section */

/* Begin PBXFrameworksBuildPhase section */
		2B53862427E2EDB6001CE941 /* Frameworks */ = {
			isa = PBXFrameworksBuildPhase;
			buildActionMask = 2147483647;
			files = (
			);
			runOnlyForDeploymentPostprocessing = 0;
		};
/* End PBXFrameworksBuildPhase section */

/* Begin PBXGroup section */
		2B53861E27E2EDB6001CE941 = {
			isa = PBXGroup;
			children = (
				2B53862927E2EDB6001CE941 /* protocolandDelegate */,
				2B53862827E2EDB6001CE941 /* Products */,
			);
			sourceTree = "<group>";
		};
		2B53862827E2EDB6001CE941 /* Products */ = {
			isa = PBXGroup;
			children = (
				2B53862727E2EDB6001CE941 /* protocolandDelegate.app */,
			);
			name = Products;
			sourceTree = "<group>";
		};
		2B53862927E2EDB6001CE941 /* protocolandDelegate */ = {
			isa = PBXGroup;
			children = (
				2B53862A27E2EDB6001CE941 /* AppDelegate.swift */,
				2B53862C27E2EDB6001CE941 /* SceneDelegate.swift */,
				2B53862E27E2EDB6001CE941 /* EnterInput.swift */,
				2B53864127E2F035001CE941 /* DisplayInputController.swift */,
				2B53863027E2EDB6001CE941 /* Main.storyboard */,
				2B53863627E2EDB9001CE941 /* Assets.xcassets */,
				2B53863827E2EDB9001CE941 /* LaunchScreen.storyboard */,
				2B53863B27E2EDB9001CE941 /* Info.plist */,
				2B53863327E2EDB6001CE941 /* protocolandDelegate.xcdatamodeld */,
			);
			path = protocolandDelegate;
			sourceTree = "<group>";
		};
/* End PBXGroup section */

/* Begin PBXNativeTarget section */
		2B53862627E2EDB6001CE941 /* protocolandDelegate */ = {
			isa = PBXNativeTarget;
			buildConfigurationList = 2B53863E27E2EDB9001CE941 /* Build configuration list for PBXNativeTarget "protocolandDelegate" */;
			buildPhases = (
				2B53862327E2EDB6001CE941 /* Sources */,
				2B53862427E2EDB6001CE941 /* Frameworks */,
				2B53862527E2EDB6001CE941 /* Resources */,
			);
			buildRules = (
			);
			dependencies = (
			);
			name = protocolandDelegate;
			productName = protocolandDelegate;
			productReference = 2B53862727E2EDB6001CE941 /* protocolandDelegate.app */;
			productType = "com.apple.product-type.application";
		};
/* End PBXNativeTarget section */

/* Begin PBXProject section */
		2B53861F27E2EDB6001CE941 /* Project object */ = {
			isa = PBXProject;
			attributes = {
				BuildIndependentTargetsInParallel = 1;
				LastSwiftUpdateCheck = 1320;
				LastUpgradeCheck = 1320;
				TargetAttributes = {
					2B53862627E2EDB6001CE941 = {
						CreatedOnToolsVersion = 13.2.1;
					};
				};
			};
			buildConfigurationList = 2B53862227E2EDB6001CE941 /* Build configuration list for PBXProject "protocolandDelegate" */;
			compatibilityVersion = "Xcode 13.0";
			developmentRegion = en;
			hasScannedForEncodings = 0;
			knownRegions = (
				en,
				Base,
			);
			mainGroup = 2B53861E27E2EDB6001CE941;
			productRefGroup = 2B53862827E2EDB6001CE941 /* Products */;
			projectDirPath = "";
			projectRoot = "";
			targets = (
				2B53862627E2EDB6001CE941 /* protocolandDelegate */,
			);
		};
/* End PBXProject section */

/* Begin PBXResourcesBuildPhase section */
		2B53862527E2EDB6001CE941 /* Resources */ = {
			isa = PBXResourcesBuildPhase;
			buildActionMask = 2147483647;
			files = (
				2B53863A27E2EDB9001CE941 /* LaunchScreen.storyboard in Resources */,
				2B53863727E2EDB9001CE941 /* Assets.xcassets in Resources */,
				2B53863227E2EDB6001CE941 /* Main.storyboard in Resources */,
			);
			runOnlyForDeploymentPostprocessing = 0;
		};
/* End PBXResourcesBuildPhase section */

/* Begin PBXSourcesBuildPhase section */
		2B53862327E2EDB6001CE941 /* Sources */ = {
			isa = PBXSourcesBuildPhase;
			buildActionMask = 2147483647;
			files = (
				2B53863527E2EDB6001CE941 /* protocolandDelegate.xcdatamodeld in Sources */,
				2B53862F27E2EDB6001CE941 /* EnterInput.swift in Sources */,
				2B53862B27E2EDB6001CE941 /* AppDelegate.swift in Sources */,
				2B53862D27E2EDB6001CE941 /* SceneDelegate.swift in Sources */,
				2B53864227E2F035001CE941 /* DisplayInputController.swift in Sources */,
			);
			runOnlyForDeploymentPostprocessing = 0;
		};
/* End PBXSourcesBuildPhase section */

/* Begin PBXVariantGroup section */
		2B53863027E2EDB6001CE941 /* Main.storyboard */ = {
			isa = PBXVariantGroup;
			children = (
				2B53863127E2EDB6001CE941 /* Base */,
			);
			name = Main.storyboard;
			sourceTree = "<group>";
		};
		2B53863827E2EDB9001CE941 /* LaunchScreen.storyboard */ = {
			isa = PBXVariantGroup;
			children = (
				2B53863927E2EDB9001CE941 /* Base */,
			);
			name = LaunchScreen.storyboard;
			sourceTree = "<group>";
		};
/* End PBXVariantGroup section */

/* Begin XCBuildConfiguration section */
		2B53863C27E2EDB9001CE941 /* Debug */ = {
			isa = XCBuildConfiguration;
			buildSettings = {
				ALWAYS_SEARCH_USER_PATHS = NO;
				CLANG_ANALYZER_NONNULL = YES;
				CLANG_ANALYZER_NUMBER_OBJECT_CONVERSION = YES_AGGRESSIVE;
				CLANG_CXX_LANGUAGE_STANDARD = "gnu++17";
				CLANG_CXX_LIBRARY = "libc++";
				CLANG_ENABLE_MODULES = YES;
				CLANG_ENABLE_OBJC_ARC = YES;
				CLANG_ENABLE_OBJC_WEAK = YES;
				CLANG_WARN_BLOCK_CAPTURE_AUTORELEASING = YES;
				CLANG_WARN_BOOL_CONVERSION = YES;
				CLANG_WARN_COMMA = YES;
				CLANG_WARN_CONSTANT_CONVERSION = YES;
				CLANG_WARN_DEPRECATED_OBJC_IMPLEMENTATIONS = YES;
				CLANG_WARN_DIRECT_OBJC_ISA_USAGE = YES_ERROR;
				CLANG_WARN_DOCUMENTATION_COMMENTS = YES;
				CLANG_WARN_EMPTY_BODY = YES;
				CLANG_WARN_ENUM_CONVERSION = YES;
				CLANG_WARN_INFINITE_RECURSION = YES;
				CLANG_WARN_INT_CONVERSION = YES;
				CLANG_WARN_NON_LITERAL_NULL_CONVERSION = YES;
				CLANG_WARN_OBJC_IMPLICIT_RETAIN_SELF = YES;
				CLANG_WARN_OBJC_LITERAL_CONVERSION = YES;
				CLANG_WARN_OBJC_ROOT_CLASS = YES_ERROR;
				CLANG_WARN_QUOTED_INCLUDE_IN_FRAMEWORK_HEADER = YES;
				CLANG_WARN_RANGE_LOOP_ANALYSIS = YES;
				CLANG_WARN_STRICT_PROTOTYPES = YES;
				CLANG_WARN_SUSPICIOUS_MOVE = YES;
				CLANG_WARN_UNGUARDED_AVAILABILITY = YES_AGGRESSIVE;
				CLANG_WARN_UNREACHABLE_CODE = YES;
				CLANG_WARN__DUPLICATE_METHOD_MATCH = YES;
				COPY_PHASE_STRIP = NO;
				DEBUG_INFORMATION_FORMAT = dwarf;
				ENABLE_STRICT_OBJC_MSGSEND = YES;
				ENABLE_TESTABILITY = YES;
				GCC_C_LANGUAGE_STANDARD = gnu11;
				GCC_DYNAMIC_NO_PIC = NO;
				GCC_NO_COMMON_BLOCKS = YES;
				GCC_OPTIMIZATION_LEVEL = 0;
				GCC_PREPROCESSOR_DEFINITIONS = (
					"DEBUG=1",
					"$(inherited)",
				);
				GCC_WARN_64_TO_32_BIT_CONVERSION = YES;
				GCC_WARN_ABOUT_RETURN_TYPE = YES_ERROR;
				GCC_WARN_UNDECLARED_SELECTOR = YES;
				GCC_WARN_UNINITIALIZED_AUTOS = YES_AGGRESSIVE;
				GCC_WARN_UNUSED_FUNCTION = YES;
				GCC_WARN_UNUSED_VARIABLE = YES;
				IPHONEOS_DEPLOYMENT_TARGET = 15.2;
				MTL_ENABLE_DEBUG_INFO = INCLUDE_SOURCE;
				MTL_FAST_MATH = YES;
				ONLY_ACTIVE_ARCH = YES;
				SDKROOT = iphoneos;
				SWIFT_ACTIVE_COMPILATION_CONDITIONS = DEBUG;
				SWIFT_OPTIMIZATION_LEVEL = "-Onone";
			};
			name = Debug;
		};
		2B53863D27E2EDB9001CE941 /* Release */ = {
			isa = XCBuildConfiguration;
			buildSettings = {
				ALWAYS_SEARCH_USER_PATHS = NO;
				CLANG_ANALYZER_NONNULL = YES;
				CLANG_ANALYZER_NUMBER_OBJECT_CONVERSION = YES_AGGRESSIVE;
				CLANG_CXX_LANGUAGE_STANDARD = "gnu++17";
				CLANG_CXX_LIBRARY = "libc++";
				CLANG_ENABLE_MODULES = YES;
				CLANG_ENABLE_OBJC_ARC = YES;
				CLANG_ENABLE_OBJC_WEAK = YES;
				CLANG_WARN_BLOCK_CAPTURE_AUTORELEASING = YES;
				CLANG_WARN_BOOL_CONVERSION = YES;
				CLANG_WARN_COMMA = YES;
				CLANG_WARN_CONSTANT_CONVERSION = YES;
				CLANG_WARN_DEPRECATED_OBJC_IMPLEMENTATIONS = YES;
				CLANG_WARN_DIRECT_OBJC_ISA_USAGE = YES_ERROR;
				CLANG_WARN_DOCUMENTATION_COMMENTS = YES;
				CLANG_WARN_EMPTY_BODY = YES;
				CLANG_WARN_ENUM_CONVERSION = YES;
				CLANG_WARN_INFINITE_RECURSION = YES;
				CLANG_WARN_INT_CONVERSION = YES;
				CLANG_WARN_NON_LITERAL_NULL_CONVERSION = YES;
				CLANG_WARN_OBJC_IMPLICIT_RETAIN_SELF = YES;
				CLANG_WARN_OBJC_LITERAL_CONVERSION = YES;
				CLANG_WARN_OBJC_ROOT_CLASS = YES_ERROR;
				CLANG_WARN_QUOTED_INCLUDE_IN_FRAMEWORK_HEADER = YES;
				CLANG_WARN_RANGE_LOOP_ANALYSIS = YES;
				CLANG_WARN_STRICT_PROTOTYPES = YES;
				CLANG_WARN_SUSPICIOUS_MOVE = YES;
				CLANG_WARN_UNGUARDED_AVAILABILITY = YES_AGGRESSIVE;
				CLANG_WARN_UNREACHABLE_CODE = YES;
				CLANG_WARN__DUPLICATE_METHOD_MATCH = YES;
				COPY_PHASE_STRIP = NO;
				DEBUG_INFORMATION_FORMAT = "dwarf-with-dsym";
				ENABLE_NS_ASSERTIONS = NO;
				ENABLE_STRICT_OBJC_MSGSEND = YES;
				GCC_C_LANGUAGE_STANDARD = gnu11;
				GCC_NO_COMMON_BLOCKS = YES;
				GCC_WARN_64_TO_32_BIT_CONVERSION = YES;
				GCC_WARN_ABOUT_RETURN_TYPE = YES_ERROR;
				GCC_WARN_UNDECLARED_SELECTOR = YES;
				GCC_WARN_UNINITIALIZED_AUTOS = YES_AGGRESSIVE;
				GCC_WARN_UNUSED_FUNCTION = YES;
				GCC_WARN_UNUSED_VARIABLE = YES;
				IPHONEOS_DEPLOYMENT_TARGET = 15.2;
				MTL_ENABLE_DEBUG_INFO = NO;
				MTL_FAST_MATH = YES;
				SDKROOT = iphoneos;
				SWIFT_COMPILATION_MODE = wholemodule;
				SWIFT_OPTIMIZATION_LEVEL = "-O";
				VALIDATE_PRODUCT = YES;
			};
			name = Release;
		};
		2B53863F27E2EDB9001CE941 /* Debug */ = {
			isa = XCBuildConfiguration;
			buildSettings = {
				ASSETCATALOG_COMPILER_APPICON_NAME = AppIcon;
				ASSETCATALOG_COMPILER_GLOBAL_ACCENT_COLOR_NAME = AccentColor;
				CODE_SIGN_STYLE = Automatic;
				CURRENT_PROJECT_VERSION = 1;
				GENERATE_INFOPLIST_FILE = YES;
				INFOPLIST_FILE = protocolandDelegate/Info.plist;
				INFOPLIST_KEY_UIApplicationSupportsIndirectInputEvents = YES;
				INFOPLIST_KEY_UILaunchStoryboardName = LaunchScreen;
				INFOPLIST_KEY_UIMainStoryboardFile = Main;
				INFOPLIST_KEY_UISupportedInterfaceOrientations_iPad = "UIInterfaceOrientationPortrait UIInterfaceOrientationPortraitUpsideDown UIInterfaceOrientationLandscapeLeft UIInterfaceOrientationLandscapeRight";
				INFOPLIST_KEY_UISupportedInterfaceOrientations_iPhone = "UIInterfaceOrientationPortrait UIInterfaceOrientationLandscapeLeft UIInterfaceOrientationLandscapeRight";
				LD_RUNPATH_SEARCH_PATHS = (
					"$(inherited)",
					"@executable_path/Frameworks",
				);
				MARKETING_VERSION = 1.0;
				PRODUCT_BUNDLE_IDENTIFIER = Apple.protocolandDelegate;
				PRODUCT_NAME = "$(TARGET_NAME)";
				SWIFT_EMIT_LOC_STRINGS = YES;
				SWIFT_VERSION = 5.0;
				TARGETED_DEVICE_FAMILY = "1,2";
			};
			name = Debug;
		};
		2B53864027E2EDB9001CE941 /* Release */ = {
			isa = XCBuildConfiguration;
			buildSettings = {
				ASSETCATALOG_COMPILER_APPICON_NAME = AppIcon;
				ASSETCATALOG_COMPILER_GLOBAL_ACCENT_COLOR_NAME = AccentColor;
				CODE_SIGN_STYLE = Automatic;
				CURRENT_PROJECT_VERSION = 1;
				GENERATE_INFOPLIST_FILE = YES;
				INFOPLIST_FILE = protocolandDelegate/Info.plist;
				INFOPLIST_KEY_UIApplicationSupportsIndirectInputEvents = YES;
				INFOPLIST_KEY_UILaunchStoryboardName = LaunchScreen;
				INFOPLIST_KEY_UIMainStoryboardFile = Main;
				INFOPLIST_KEY_UISupportedInterfaceOrientations_iPad = "UIInterfaceOrientationPortrait UIInterfaceOrientationPortraitUpsideDown UIInterfaceOrientationLandscapeLeft UIInterfaceOrientationLandscapeRight";
				INFOPLIST_KEY_UISupportedInterfaceOrientations_iPhone = "UIInterfaceOrientationPortrait UIInterfaceOrientationLandscapeLeft UIInterfaceOrientationLandscapeRight";
				LD_RUNPATH_SEARCH_PATHS = (
					"$(inherited)",
					"@executable_path/Frameworks",
				);
				MARKETING_VERSION = 1.0;
				PRODUCT_BUNDLE_IDENTIFIER = Apple.protocolandDelegate;
				PRODUCT_NAME = "$(TARGET_NAME)";
				SWIFT_EMIT_LOC_STRINGS = YES;
				SWIFT_VERSION = 5.0;
				TARGETED_DEVICE_FAMILY = "1,2";
			};
			name = Release;
		};
/* End XCBuildConfiguration section */

/* Begin XCConfigurationList section */
		2B53862227E2EDB6001CE941 /* Build configuration list for PBXProject "protocolandDelegate" */ = {
			isa = XCConfigurationList;
			buildConfigurations = (
				2B53863C27E2EDB9001CE941 /* Debug */,
				2B53863D27E2EDB9001CE941 /* Release */,
			);
			defaultConfigurationIsVisible = 0;
			defaultConfigurationName = Release;
		};
		2B53863E27E2EDB9001CE941 /* Build configuration list for PBXNativeTarget "protocolandDelegate" */ = {
			isa = XCConfigurationList;
			buildConfigurations = (
				2B53863F27E2EDB9001CE941 /* Debug */,
				2B53864027E2EDB9001CE941 /* Release */,
			);
			defaultConfigurationIsVisible = 0;
			defaultConfigurationName = Release;
		};
/* End XCConfigurationList section */

/* Begin XCVersionGroup section */
		2B53863327E2EDB6001CE941 /* protocolandDelegate.xcdatamodeld */ = {
			isa = XCVersionGroup;
			children = (
				2B53863427E2EDB6001CE941 /* protocolandDelegate.xcdatamodel */,
			);
			currentVersion = 2B53863427E2EDB6001CE941 /* protocolandDelegate.xcdatamodel */;
			path = protocolandDelegate.xcdatamodeld;
			sourceTree = "<group>";
			versionGroupType = wrapper.xcdatamodel;
		};
/* End XCVersionGroup section */
	};
	rootObject = 2B53861F27E2EDB6001CE941 /* Project object */;
}
